
Microsoft Visual Studio Solution File, Format Version 12.00
# Visual Studio Version 17
VisualStudioVersion = 17.4.33205.214
MinimumVisualStudioVersion = 10.0.40219.1
Project("{9A19103F-16F7-4668-BE54-9A1E7A4F7556}") = "LineBotMessage", "LineBotMessage\LineBotMessage.csproj", "{311B6D6C-D991-4187-ACDD-25B73B403042}"
EndProject
Global
	GlobalSection(SolutionConfigurationPlatforms) = preSolution
		Debug|Any CPU = Debug|Any CPU
		Release|Any CPU = Release|Any CPU
	EndGlobalSection
	GlobalSection(ProjectConfigurationPlatforms) = postSolution
		{311B6D6C-D991-4187-ACDD-25B73B403042}.Debug|Any CPU.ActiveCfg = Debug|Any CPU
		{311B6D6C-D991-4187-ACDD-25B73B403042}.Debug|Any CPU.Build.0 = Debug|Any CPU
		{311B6D6C-D991-4187-ACDD-25B73B403042}.Release|Any CPU.ActiveCfg = Release|Any CPU
		{311B6D6C-D991-4187-ACDD-25B73B403042}.Release|Any CPU.Build.0 = Release|Any CPU
	EndGlobalSection
	GlobalSection(SolutionProperties) = preSolution
		HideSolutionNode = FALSE
	EndGlobalSection
	GlobalSection(ExtensibilityGlobals) = postSolution
		SolutionGuid = {43F1CB05-8B91-40EB-B4E3-D4DA45ADDA99}
	EndGlobalSection
EndGlobal
